speakeasyVersion: 1.513.5
sources:
    StabilityAI REST API:
        sourceNamespace: stability-ai-rest-api
        sourceRevisionDigest: sha256:7980430c1d9bc805c93ef87c6af66e001d5d5cedbfd615b85c892d04b3a5fe3c
        sourceBlobDigest: sha256:43fad5bebb3123ed49ed1780fc2673a83ddb31111b5d5245eee7c37656a4e2f5
        tags:
            - latest
            - v2beta
targets:
    stabilityai-client-typescript:
        source: StabilityAI REST API
        sourceNamespace: stability-ai-rest-api
        sourceRevisionDigest: sha256:7980430c1d9bc805c93ef87c6af66e001d5d5cedbfd615b85c892d04b3a5fe3c
        sourceBlobDigest: sha256:43fad5bebb3123ed49ed1780fc2673a83ddb31111b5d5245eee7c37656a4e2f5
        codeSamplesNamespace: stability-ai-rest-api-code-samples
        codeSamplesRevisionDigest: sha256:13c85dfcdd92edb666ec9d80ecb451b0f3a35369c284bca5ee69778d907712c8
workflow:
    workflowVersion: 1.0.0
    speakeasyVersion: latest
    sources:
        StabilityAI REST API:
            inputs:
                - location: openapi.json
            registry:
                location: registry.speakeasyapi.dev/amd/stabilityai-client-typescript/stability-ai-rest-api
    targets:
        stabilityai-client-typescript:
            target: typescript
            source: StabilityAI REST API
            codeSamples:
                registry:
                    location: registry.speakeasyapi.dev/amd/stabilityai-client-typescript/stability-ai-rest-api-code-samples
                labelOverride:
                    fixedValue: Typescript (SDK)
                blocking: false
